{
	"name": "X-Port",
	"version": "1.0.0",
	"lockfileVersion": 1,
	"requires": true,
	"dependencies": {
		"amdefine": {
			"version": "1.0.1",
			"resolved": "https://registry.npmjs.org/amdefine/-/amdefine-1.0.1.tgz",
			"integrity": "sha1-SlKCrBZHKek2Gbz9OtFR+BfOkfU="
		},
		"async": {
			"version": "0.2.10",
			"resolved": "https://registry.npmjs.org/async/-/async-0.2.10.tgz",
			"integrity": "sha1-trvgsGdLnXGXCMo43owjfLUmw9E="
		},
		"camel-case": {
			"version": "1.2.2",
			"resolved": "https://registry.npmjs.org/camel-case/-/camel-case-1.2.2.tgz",
			"integrity": "sha1-Gsp8TRlTWaLOmVV5NDPG5VQlEfI=",
			"requires": {
				"sentence-case": "1.1.3",
				"upper-case": "1.1.3"
			}
		},
		"camelcase": {
			"version": "1.2.1",
			"resolved": "https://registry.npmjs.org/camelcase/-/camelcase-1.2.1.tgz",
			"integrity": "sha1-m7UwTS4LVmmLLHWLCKPqqdqlijk="
		},
		"change-case": {
			"version": "2.1.6",
			"resolved": "https://registry.npmjs.org/change-case/-/change-case-2.1.6.tgz",
			"integrity": "sha1-UUryBRMVimj+fwDf9MMy1sKY0vk=",
			"requires": {
				"camel-case": "1.2.2",
				"constant-case": "1.1.2",
				"dot-case": "1.1.2",
				"is-lower-case": "1.1.3",
				"is-upper-case": "1.1.2",
				"lower-case": "1.1.4",
				"param-case": "1.1.2",
				"pascal-case": "1.1.2",
				"path-case": "1.1.2",
				"sentence-case": "1.1.3",
				"snake-case": "1.1.2",
				"swap-case": "1.1.2",
				"title-case": "1.1.2",
				"upper-case": "1.1.3",
				"upper-case-first": "1.1.2"
			}
		},
		"clean-css": {
			"version": "3.4.28",
			"resolved": "https://registry.npmjs.org/clean-css/-/clean-css-3.4.28.tgz",
			"integrity": "sha1-vxlF6C/ICPVWlebd6uwBQA79A/8=",
			"requires": {
				"commander": "2.8.1",
				"source-map": "0.4.4"
			}
		},
		"cli": {
			"version": "0.6.6",
			"resolved": "https://registry.npmjs.org/cli/-/cli-0.6.6.tgz",
			"integrity": "sha1-Aq1Eo4Cr8nraxebwzdewQ9dMU+M=",
			"requires": {
				"exit": "0.1.2",
				"glob": "3.2.11"
			}
		},
		"commander": {
			"version": "2.8.1",
			"resolved": "https://registry.npmjs.org/commander/-/commander-2.8.1.tgz",
			"integrity": "sha1-Br42f+v9oMMwqh4qBy09yXYkJdQ=",
			"requires": {
				"graceful-readlink": "1.0.1"
			}
		},
		"complexion": {
			"version": "0.1.3",
			"resolved": "https://registry.npmjs.org/complexion/-/complexion-0.1.3.tgz",
			"integrity": "sha1-AMCnaemTNE+FiGDbAGoz2ZPzBx4="
		},
		"complexion-js": {
			"version": "0.1.5",
			"resolved": "https://registry.npmjs.org/complexion-js/-/complexion-js-0.1.5.tgz",
			"integrity": "sha1-2ebQPEbrwmOZ8s0gLALL9trdURU="
		},
		"constant-case": {
			"version": "1.1.2",
			"resolved": "https://registry.npmjs.org/constant-case/-/constant-case-1.1.2.tgz",
			"integrity": "sha1-jsLKW6ND4Aqjjb9OIA/VrJB+/WM=",
			"requires": {
				"snake-case": "1.1.2",
				"upper-case": "1.1.3"
			}
		},
		"decamelize": {
			"version": "1.2.0",
			"resolved": "https://registry.npmjs.org/decamelize/-/decamelize-1.2.0.tgz",
			"integrity": "sha1-9lNNFRSCabIDUue+4m9QH5oZEpA="
		},
		"dot-case": {
			"version": "1.1.2",
			"resolved": "https://registry.npmjs.org/dot-case/-/dot-case-1.1.2.tgz",
			"integrity": "sha1-HnOCaQDeKNbeVIC8HeMdCEKwa+w=",
			"requires": {
				"sentence-case": "1.1.3"
			}
		},
		"exit": {
			"version": "0.1.2",
			"resolved": "https://registry.npmjs.org/exit/-/exit-0.1.2.tgz",
			"integrity": "sha1-BjJjj42HfMghB9MKD/8aF8uhzQw="
		},
		"glob": {
			"version": "3.2.11",
			"resolved": "https://registry.npmjs.org/glob/-/glob-3.2.11.tgz",
			"integrity": "sha1-Spc/Y1uRkPcV0QmH1cAP0oFevj0=",
			"requires": {
				"inherits": "2.0.3",
				"minimatch": "0.3.0"
			}
		},
		"graceful-readlink": {
			"version": "1.0.1",
			"resolved": "https://registry.npmjs.org/graceful-readlink/-/graceful-readlink-1.0.1.tgz",
			"integrity": "sha1-TK+tdrxi8C+gObL5Tpo906ORpyU="
		},
		"html-minifier": {
			"version": "0.6.9",
			"resolved": "https://registry.npmjs.org/html-minifier/-/html-minifier-0.6.9.tgz",
			"integrity": "sha1-UQXcI29efhqLplHUq5gThvx6vlM=",
			"requires": {
				"change-case": "2.1.6",
				"clean-css": "2.2.23",
				"cli": "0.6.6",
				"relateurl": "0.2.7",
				"uglify-js": "2.4.24"
			},
			"dependencies": {
				"clean-css": {
					"version": "2.2.23",
					"resolved": "https://registry.npmjs.org/clean-css/-/clean-css-2.2.23.tgz",
					"integrity": "sha1-BZC1R4tRbEkD7cLYm9P9vdKGMow=",
					"requires": {
						"commander": "2.2.0"
					}
				},
				"commander": {
					"version": "2.2.0",
					"resolved": "https://registry.npmjs.org/commander/-/commander-2.2.0.tgz",
					"integrity": "sha1-F1rUuTF/P/YV8gHB5XIk9Vo+kd8="
				}
			}
		},
		"inherits": {
			"version": "2.0.3",
			"resolved": "https://registry.npmjs.org/inherits/-/inherits-2.0.3.tgz",
			"integrity": "sha1-Yzwsg+PaQqUC9SRmAiSA9CCCYd4="
		},
		"is-lower-case": {
			"version": "1.1.3",
			"resolved": "https://registry.npmjs.org/is-lower-case/-/is-lower-case-1.1.3.tgz",
			"integrity": "sha1-fhR75HaNxGbbO/shzGCzHmrWk5M=",
			"requires": {
				"lower-case": "1.1.4"
			}
		},
		"is-upper-case": {
			"version": "1.1.2",
			"resolved": "https://registry.npmjs.org/is-upper-case/-/is-upper-case-1.1.2.tgz",
			"integrity": "sha1-jQsfp+eTOh5YSDYA7H2WYcuvdW8=",
			"requires": {
				"upper-case": "1.1.3"
			}
		},
		"lower-case": {
			"version": "1.1.4",
			"resolved": "https://registry.npmjs.org/lower-case/-/lower-case-1.1.4.tgz",
			"integrity": "sha1-miyr0bno4K6ZOkv31YdcOcQujqw="
		},
		"lru-cache": {
			"version": "2.7.3",
			"resolved": "https://registry.npmjs.org/lru-cache/-/lru-cache-2.7.3.tgz",
			"integrity": "sha1-bUUk6LlV+V1PW1iFHOId1y+06VI="
		},
		"minimatch": {
			"version": "0.3.0",
			"resolved": "https://registry.npmjs.org/minimatch/-/minimatch-0.3.0.tgz",
			"integrity": "sha1-J12O2qxPG7MyZHIInnlJyDlGmd0=",
			"requires": {
				"lru-cache": "2.7.3",
				"sigmund": "1.0.1"
			}
		},
		"param-case": {
			"version": "1.1.2",
			"resolved": "https://registry.npmjs.org/param-case/-/param-case-1.1.2.tgz",
			"integrity": "sha1-3LCRpDwlm5Io8cNB57akTqC/l0M=",
			"requires": {
				"sentence-case": "1.1.3"
			}
		},
		"pascal-case": {
			"version": "1.1.2",
			"resolved": "https://registry.npmjs.org/pascal-case/-/pascal-case-1.1.2.tgz",
			"integrity": "sha1-Pl1kogBDgwp8STRMLXS0G+DJyZs=",
			"requires": {
				"camel-case": "1.2.2",
				"upper-case-first": "1.1.2"
			}
		},
		"path-case": {
			"version": "1.1.2",
			"resolved": "https://registry.npmjs.org/path-case/-/path-case-1.1.2.tgz",
			"integrity": "sha1-UM5roNO+090LXCqcRVNpdDRAlRQ=",
			"requires": {
				"sentence-case": "1.1.3"
			}
		},
		"relateurl": {
			"version": "0.2.7",
			"resolved": "https://registry.npmjs.org/relateurl/-/relateurl-0.2.7.tgz",
			"integrity": "sha1-VNvzd+UUQKypCkzSdGANP/LYiKk="
		},
		"sentence-case": {
			"version": "1.1.3",
			"resolved": "https://registry.npmjs.org/sentence-case/-/sentence-case-1.1.3.tgz",
			"integrity": "sha1-gDSq/CFFdy06vhUJqkLJ4QQtwTk=",
			"requires": {
				"lower-case": "1.1.4"
			}
		},
		"sigmund": {
			"version": "1.0.1",
			"resolved": "https://registry.npmjs.org/sigmund/-/sigmund-1.0.1.tgz",
			"integrity": "sha1-P/IfGYytIXX587eBhT/ZTQ0ZtZA="
		},
		"snake-case": {
			"version": "1.1.2",
			"resolved": "https://registry.npmjs.org/snake-case/-/snake-case-1.1.2.tgz",
			"integrity": "sha1-DC8l4wUVjZoY09l3BmGH/vilpmo=",
			"requires": {
				"sentence-case": "1.1.3"
			}
		},
		"source-map": {
			"version": "0.4.4",
			"resolved": "https://registry.npmjs.org/source-map/-/source-map-0.4.4.tgz",
			"integrity": "sha1-66T12pwNyZneaAMti092FzZSA2s=",
			"requires": {
				"amdefine": "1.0.1"
			}
		},
		"swap-case": {
			"version": "1.1.2",
			"resolved": "https://registry.npmjs.org/swap-case/-/swap-case-1.1.2.tgz",
			"integrity": "sha1-w5IDpFhzhfrTyFCgvRvK+ggZdOM=",
			"requires": {
				"lower-case": "1.1.4",
				"upper-case": "1.1.3"
			}
		},
		"title-case": {
			"version": "1.1.2",
			"resolved": "https://registry.npmjs.org/title-case/-/title-case-1.1.2.tgz",
			"integrity": "sha1-+uSmrlRr+iLQg6DuqRCkDRLtT1o=",
			"requires": {
				"sentence-case": "1.1.3",
				"upper-case": "1.1.3"
			}
		},
		"uglify-js": {
			"version": "2.4.24",
			"resolved": "https://registry.npmjs.org/uglify-js/-/uglify-js-2.4.24.tgz",
			"integrity": "sha1-+tV1XB4Vd2WLsG/5q25UjJW+vW4=",
			"requires": {
				"async": "0.2.10",
				"source-map": "0.1.34",
				"uglify-to-browserify": "1.0.2",
				"yargs": "3.5.4"
			},
			"dependencies": {
				"source-map": {
					"version": "0.1.34",
					"resolved": "https://registry.npmjs.org/source-map/-/source-map-0.1.34.tgz",
					"integrity": "sha1-p8/omux7FoLDsZjQrPtH19CQVms=",
					"requires": {
						"amdefine": "1.0.1"
					}
				}
			}
		},
		"uglify-to-browserify": {
			"version": "1.0.2",
			"resolved": "https://registry.npmjs.org/uglify-to-browserify/-/uglify-to-browserify-1.0.2.tgz",
			"integrity": "sha1-bgkk1r2mta/jSeOabWMoUKD4grc="
		},
		"upper-case": {
			"version": "1.1.3",
			"resolved": "https://registry.npmjs.org/upper-case/-/upper-case-1.1.3.tgz",
			"integrity": "sha1-9rRQHC7EzdJrp4vnIilh3ndiFZg="
		},
		"upper-case-first": {
			"version": "1.1.2",
			"resolved": "https://registry.npmjs.org/upper-case-first/-/upper-case-first-1.1.2.tgz",
			"integrity": "sha1-XXm+3P8UQZUY/S7bCgUHybaFkRU=",
			"requires": {
				"upper-case": "1.1.3"
			}
		},
		"window-size": {
			"version": "0.1.0",
			"resolved": "https://registry.npmjs.org/window-size/-/window-size-0.1.0.tgz",
			"integrity": "sha1-VDjNLqk7IC76Ohn+iIeu58lPnJ0="
		},
		"wordwrap": {
			"version": "0.0.2",
			"resolved": "https://registry.npmjs.org/wordwrap/-/wordwrap-0.0.2.tgz",
			"integrity": "sha1-t5Zpu0LstAn4PVg8rVLKF+qhZD8="
		},
		"yargs": {
			"version": "3.5.4",
			"resolved": "https://registry.npmjs.org/yargs/-/yargs-3.5.4.tgz",
			"integrity": "sha1-2K/49mXpTDS9JZvevRv68N3TU2E=",
			"requires": {
				"camelcase": "1.2.1",
				"decamelize": "1.2.0",
				"window-size": "0.1.0",
				"wordwrap": "0.0.2"
			}
		}
	}
}
